// !$*UTF8*$!
{
	archiveVersion = 1;
	classes = {
	};
	objectVersion = 46;
	objects = {

/* Begin PBXBuildFile section */
		C2DD169515C2C8EB000E62E1 /* UIKit.framework in Frameworks */ = {isa = PBXBuildFile; fileRef = C2DD169415C2C8EB000E62E1 /* UIKit.framework */; };
		C2DD169715C2C8EB000E62E1 /* Foundation.framework in Frameworks */ = {isa = PBXBuildFile; fileRef = C2DD169615C2C8EB000E62E1 /* Foundation.framework */; };
		C2DD169915C2C8EB000E62E1 /* CoreGraphics.framework in Frameworks */ = {isa = PBXBuildFile; fileRef = C2DD169815C2C8EB000E62E1 /* CoreGraphics.framework */; };
		C2DD169F15C2C8EB000E62E1 /* InfoPlist.strings in Resources */ = {isa = PBXBuildFile; fileRef = C2DD169D15C2C8EB000E62E1 /* InfoPlist.strings */; };
		C2DD16A115C2C8EB000E62E1 /* main.m in Sources */ = {isa = PBXBuildFile; fileRef = C2DD16A015C2C8EB000E62E1 /* main.m */; };
		C2DD16A515C2C8EB000E62E1 /* BookAppDelegate.m in Sources */ = {isa = PBXBuildFile; fileRef = C2DD16A415C2C8EB000E62E1 /* BookAppDelegate.m */; };
		C2DD16AD15C2C8EB000E62E1 /* SenTestingKit.framework in Frameworks */ = {isa = PBXBuildFile; fileRef = C2DD16AC15C2C8EB000E62E1 /* SenTestingKit.framework */; };
		C2DD16AE15C2C8EB000E62E1 /* UIKit.framework in Frameworks */ = {isa = PBXBuildFile; fileRef = C2DD169415C2C8EB000E62E1 /* UIKit.framework */; };
		C2DD16AF15C2C8EB000E62E1 /* Foundation.framework in Frameworks */ = {isa = PBXBuildFile; fileRef = C2DD169615C2C8EB000E62E1 /* Foundation.framework */; };
		C2DD16B715C2C8EB000E62E1 /* InfoPlist.strings in Resources */ = {isa = PBXBuildFile; fileRef = C2DD16B515C2C8EB000E62E1 /* InfoPlist.strings */; };
		C2DD16BA15C2C8EB000E62E1 /* BookTests.m in Sources */ = {isa = PBXBuildFile; fileRef = C2DD16B915C2C8EB000E62E1 /* BookTests.m */; };
		C2DD16CC15C2C963000E62E1 /* FirstPage.m in Sources */ = {isa = PBXBuildFile; fileRef = C2DD16CA15C2C963000E62E1 /* FirstPage.m */; };
		C2DD16CD15C2C963000E62E1 /* FirstPage.xib in Resources */ = {isa = PBXBuildFile; fileRef = C2DD16CB15C2C963000E62E1 /* FirstPage.xib */; };
		C2DD172B15C2DBBF000E62E1 /* SecondPage.m in Sources */ = {isa = PBXBuildFile; fileRef = C2DD172915C2DBBE000E62E1 /* SecondPage.m */; };
		C2DD172C15C2DBBF000E62E1 /* SecondPage.xib in Resources */ = {isa = PBXBuildFile; fileRef = C2DD172A15C2DBBF000E62E1 /* SecondPage.xib */; };
		C2DD173015C2F502000E62E1 /* ThirdPage.m in Sources */ = {isa = PBXBuildFile; fileRef = C2DD172E15C2F501000E62E1 /* ThirdPage.m */; };
		C2DD173115C2F502000E62E1 /* ThirdPage.xib in Resources */ = {isa = PBXBuildFile; fileRef = C2DD172F15C2F501000E62E1 /* ThirdPage.xib */; };
		C2DD173D15C30CAB000E62E1 /* run-1.jpg in Resources */ = {isa = PBXBuildFile; fileRef = C2DD173715C30CAB000E62E1 /* run-1.jpg */; };
		C2DD173E15C30CAB000E62E1 /* run-2.jpg in Resources */ = {isa = PBXBuildFile; fileRef = C2DD173815C30CAB000E62E1 /* run-2.jpg */; };
		C2DD173F15C30CAB000E62E1 /* run-3.jpg in Resources */ = {isa = PBXBuildFile; fileRef = C2DD173915C30CAB000E62E1 /* run-3.jpg */; };
		C2DD174015C30CAB000E62E1 /* run-4.jpg in Resources */ = {isa = PBXBuildFile; fileRef = C2DD173A15C30CAB000E62E1 /* run-4.jpg */; };
		C2DD174115C30CAB000E62E1 /* run-5.jpg in Resources */ = {isa = PBXBuildFile; fileRef = C2DD173B15C30CAB000E62E1 /* run-5.jpg */; };
		C2DD174215C30CAB000E62E1 /* run-6.jpg in Resources */ = {isa = PBXBuildFile; fileRef = C2DD173C15C30CAB000E62E1 /* run-6.jpg */; };
		C2DD174A15C314CA000E62E1 /* city.jpg in Resources */ = {isa = PBXBuildFile; fileRef = C2DD174915C314CA000E62E1 /* city.jpg */; };
/* End PBXBuildFile section */

/* Begin PBXContainerItemProxy section */
		C2DD16B015C2C8EB000E62E1 /* PBXContainerItemProxy */ = {
			isa = PBXContainerItemProxy;
			containerPortal = C2DD168715C2C8EB000E62E1 /* Project object */;
			proxyType = 1;
			remoteGlobalIDString = C2DD168F15C2C8EB000E62E1;
			remoteInfo = Book;
		};
/* End PBXContainerItemProxy section */

/* Begin PBXFileReference section */
		C2DD169015C2C8EB000E62E1 /* Book.app */ = {isa = PBXFileReference; explicitFileType = wrapper.application; includeInIndex = 0; path = Book.app; sourceTree = BUILT_PRODUCTS_DIR; };
		C2DD169415C2C8EB000E62E1 /* UIKit.framework */ = {isa = PBXFileReference; lastKnownFileType = wrapper.framework; name = UIKit.framework; path = System/Library/Frameworks/UIKit.framework; sourceTree = SDKROOT; };
		C2DD169615C2C8EB000E62E1 /* Foundation.framework */ = {isa = PBXFileReference; lastKnownFileType = wrapper.framework; name = Foundation.framework; path = System/Library/Frameworks/Foundation.framework; sourceTree = SDKROOT; };
		C2DD169815C2C8EB000E62E1 /* CoreGraphics.framework */ = {isa = PBXFileReference; lastKnownFileType = wrapper.framework; name = CoreGraphics.framework; path = System/Library/Frameworks/CoreGraphics.framework; sourceTree = SDKROOT; };
		C2DD169C15C2C8EB000E62E1 /* Book-Info.plist */ = {isa = PBXFileReference; lastKnownFileType = text.plist.xml; path = "Book-Info.plist"; sourceTree = "<group>"; };
		C2DD169E15C2C8EB000E62E1 /* en */ = {isa = PBXFileReference; lastKnownFileType = text.plist.strings; name = en; path = en.lproj/InfoPlist.strings; sourceTree = "<group>"; };
		C2DD16A015C2C8EB000E62E1 /* main.m */ = {isa = PBXFileReference; lastKnownFileType = sourcecode.c.objc; path = main.m; sourceTree = "<group>"; };
		C2DD16A215C2C8EB000E62E1 /* Book-Prefix.pch */ = {isa = PBXFileReference; lastKnownFileType = sourcecode.c.h; path = "Book-Prefix.pch"; sourceTree = "<group>"; };
		C2DD16A315C2C8EB000E62E1 /* BookAppDelegate.h */ = {isa = PBXFileReference; lastKnownFileType = sourcecode.c.h; path = BookAppDelegate.h; sourceTree = "<group>"; };
		C2DD16A415C2C8EB000E62E1 /* BookAppDelegate.m */ = {isa = PBXFileReference; lastKnownFileType = sourcecode.c.objc; path = BookAppDelegate.m; sourceTree = "<group>"; };
		C2DD16AB15C2C8EB000E62E1 /* BookTests.octest */ = {isa = PBXFileReference; explicitFileType = wrapper.cfbundle; includeInIndex = 0; path = BookTests.octest; sourceTree = BUILT_PRODUCTS_DIR; };
		C2DD16AC15C2C8EB000E62E1 /* SenTestingKit.framework */ = {isa = PBXFileReference; lastKnownFileType = wrapper.framework; name = SenTestingKit.framework; path = Library/Frameworks/SenTestingKit.framework; sourceTree = DEVELOPER_DIR; };
		C2DD16B415C2C8EB000E62E1 /* BookTests-Info.plist */ = {isa = PBXFileReference; lastKnownFileType = text.plist.xml; path = "BookTests-Info.plist"; sourceTree = "<group>"; };
		C2DD16B615C2C8EB000E62E1 /* en */ = {isa = PBXFileReference; lastKnownFileType = text.plist.strings; name = en; path = en.lproj/InfoPlist.strings; sourceTree = "<group>"; };
		C2DD16B815C2C8EB000E62E1 /* BookTests.h */ = {isa = PBXFileReference; lastKnownFileType = sourcecode.c.h; path = BookTests.h; sourceTree = "<group>"; };
		C2DD16B915C2C8EB000E62E1 /* BookTests.m */ = {isa = PBXFileReference; lastKnownFileType = sourcecode.c.objc; path = BookTests.m; sourceTree = "<group>"; };
		C2DD16C915C2C963000E62E1 /* FirstPage.h */ = {isa = PBXFileReference; fileEncoding = 4; lastKnownFileType = sourcecode.c.h; path = FirstPage.h; sourceTree = "<group>"; };
		C2DD16CA15C2C963000E62E1 /* FirstPage.m */ = {isa = PBXFileReference; fileEncoding = 4; lastKnownFileType = sourcecode.c.objc; path = FirstPage.m; sourceTree = "<group>"; };
		C2DD16CB15C2C963000E62E1 /* FirstPage.xib */ = {isa = PBXFileReference; fileEncoding = 4; lastKnownFileType = file.xib; path = FirstPage.xib; sourceTree = "<group>"; };
		C2DD172815C2DBBE000E62E1 /* SecondPage.h */ = {isa = PBXFileReference; fileEncoding = 4; lastKnownFileType = sourcecode.c.h; path = SecondPage.h; sourceTree = "<group>"; };
		C2DD172915C2DBBE000E62E1 /* SecondPage.m */ = {isa = PBXFileReference; fileEncoding = 4; lastKnownFileType = sourcecode.c.objc; path = SecondPage.m; sourceTree = "<group>"; };
		C2DD172A15C2DBBF000E62E1 /* SecondPage.xib */ = {isa = PBXFileReference; fileEncoding = 4; lastKnownFileType = file.xib; path = SecondPage.xib; sourceTree = "<group>"; };
		C2DD172D15C2F501000E62E1 /* ThirdPage.h */ = {isa = PBXFileReference; fileEncoding = 4; lastKnownFileType = sourcecode.c.h; path = ThirdPage.h; sourceTree = "<group>"; };
		C2DD172E15C2F501000E62E1 /* ThirdPage.m */ = {isa = PBXFileReference; fileEncoding = 4; lastKnownFileType = sourcecode.c.objc; path = ThirdPage.m; sourceTree = "<group>"; };
		C2DD172F15C2F501000E62E1 /* ThirdPage.xib */ = {isa = PBXFileReference; fileEncoding = 4; lastKnownFileType = file.xib; path = ThirdPage.xib; sourceTree = "<group>"; };
		C2DD173715C30CAB000E62E1 /* run-1.jpg */ = {isa = PBXFileReference; lastKnownFileType = image.jpeg; name = "run-1.jpg"; path = "images/run-1.jpg"; sourceTree = "<group>"; };
		C2DD173815C30CAB000E62E1 /* run-2.jpg */ = {isa = PBXFileReference; lastKnownFileType = image.jpeg; name = "run-2.jpg"; path = "images/run-2.jpg"; sourceTree = "<group>"; };
		C2DD173915C30CAB000E62E1 /* run-3.jpg */ = {isa = PBXFileReference; lastKnownFileType = image.jpeg; name = "run-3.jpg"; path = "images/run-3.jpg"; sourceTree = "<group>"; };
		C2DD173A15C30CAB000E62E1 /* run-4.jpg */ = {isa = PBXFileReference; lastKnownFileType = image.jpeg; name = "run-4.jpg"; path = "images/run-4.jpg"; sourceTree = "<group>"; };
		C2DD173B15C30CAB000E62E1 /* run-5.jpg */ = {isa = PBXFileReference; lastKnownFileType = image.jpeg; name = "run-5.jpg"; path = "images/run-5.jpg"; sourceTree = "<group>"; };
		C2DD173C15C30CAB000E62E1 /* run-6.jpg */ = {isa = PBXFileReference; lastKnownFileType = image.jpeg; name = "run-6.jpg"; path = "images/run-6.jpg"; sourceTree = "<group>"; };
		C2DD174915C314CA000E62E1 /* city.jpg */ = {isa = PBXFileReference; lastKnownFileType = image.jpeg; path = city.jpg; sourceTree = "<group>"; };
/* End PBXFileReference section */

/* Begin PBXFrameworksBuildPhase section */
		C2DD168D15C2C8EB000E62E1 /* Frameworks */ = {
			isa = PBXFrameworksBuildPhase;
			buildActionMask = 2147483647;
			files = (
				C2DD169515C2C8EB000E62E1 /* UIKit.framework in Frameworks */,
				C2DD169715C2C8EB000E62E1 /* Foundation.framework in Frameworks */,
				C2DD169915C2C8EB000E62E1 /* CoreGraphics.framework in Frameworks */,
			);
			runOnlyForDeploymentPostprocessing = 0;
		};
		C2DD16A715C2C8EB000E62E1 /* Frameworks */ = {
			isa = PBXFrameworksBuildPhase;
			buildActionMask = 2147483647;
			files = (
				C2DD16AD15C2C8EB000E62E1 /* SenTestingKit.framework in Frameworks */,
				C2DD16AE15C2C8EB000E62E1 /* UIKit.framework in Frameworks */,
				C2DD16AF15C2C8EB000E62E1 /* Foundation.framework in Frameworks */,
			);
			runOnlyForDeploymentPostprocessing = 0;
		};
/* End PBXFrameworksBuildPhase section */

/* Begin PBXGroup section */
		C2DD168515C2C8EB000E62E1 = {
			isa = PBXGroup;
			children = (
				C2DD169A15C2C8EB000E62E1 /* Book */,
				C2DD16B215C2C8EB000E62E1 /* BookTests */,
				C2DD169315C2C8EB000E62E1 /* Frameworks */,
				C2DD169115C2C8EB000E62E1 /* Products */,
			);
			sourceTree = "<group>";
		};
		C2DD169115C2C8EB000E62E1 /* Products */ = {
			isa = PBXGroup;
			children = (
				C2DD169015C2C8EB000E62E1 /* Book.app */,
				C2DD16AB15C2C8EB000E62E1 /* BookTests.octest */,
			);
			name = Products;
			sourceTree = "<group>";
		};
		C2DD169315C2C8EB000E62E1 /* Frameworks */ = {
			isa = PBXGroup;
			children = (
				C2DD169415C2C8EB000E62E1 /* UIKit.framework */,
				C2DD169615C2C8EB000E62E1 /* Foundation.framework */,
				C2DD169815C2C8EB000E62E1 /* CoreGraphics.framework */,
				C2DD16AC15C2C8EB000E62E1 /* SenTestingKit.framework */,
			);
			name = Frameworks;
			sourceTree = "<group>";
		};
		C2DD169A15C2C8EB000E62E1 /* Book */ = {
			isa = PBXGroup;
			children = (
				C2DD173615C30C8E000E62E1 /* images */,
				C2DD16C815C2C934000E62E1 /* Paginas */,
				C2DD16A315C2C8EB000E62E1 /* BookAppDelegate.h */,
				C2DD16A415C2C8EB000E62E1 /* BookAppDelegate.m */,
				C2DD169B15C2C8EB000E62E1 /* Supporting Files */,
			);
			path = Book;
			sourceTree = "<group>";
		};
		C2DD169B15C2C8EB000E62E1 /* Supporting Files */ = {
			isa = PBXGroup;
			children = (
				C2DD169C15C2C8EB000E62E1 /* Book-Info.plist */,
				C2DD169D15C2C8EB000E62E1 /* InfoPlist.strings */,
				C2DD16A015C2C8EB000E62E1 /* main.m */,
				C2DD16A215C2C8EB000E62E1 /* Book-Prefix.pch */,
			);
			name = "Supporting Files";
			sourceTree = "<group>";
		};
		C2DD16B215C2C8EB000E62E1 /* BookTests */ = {
			isa = PBXGroup;
			children = (
				C2DD16B815C2C8EB000E62E1 /* BookTests.h */,
				C2DD16B915C2C8EB000E62E1 /* BookTests.m */,
				C2DD16B315C2C8EB000E62E1 /* Supporting Files */,
			);
			path = BookTests;
			sourceTree = "<group>";
		};
		C2DD16B315C2C8EB000E62E1 /* Supporting Files */ = {
			isa = PBXGroup;
			children = (
				C2DD16B415C2C8EB000E62E1 /* BookTests-Info.plist */,
				C2DD16B515C2C8EB000E62E1 /* InfoPlist.strings */,
			);
			name = "Supporting Files";
			sourceTree = "<group>";
		};
		C2DD16C815C2C934000E62E1 /* Paginas */ = {
			isa = PBXGroup;
			children = (
				C2DD16C915C2C963000E62E1 /* FirstPage.h */,
				C2DD16CA15C2C963000E62E1 /* FirstPage.m */,
				C2DD16CB15C2C963000E62E1 /* FirstPage.xib */,
				C2DD172815C2DBBE000E62E1 /* SecondPage.h */,
				C2DD172915C2DBBE000E62E1 /* SecondPage.m */,
				C2DD172A15C2DBBF000E62E1 /* SecondPage.xib */,
				C2DD172D15C2F501000E62E1 /* ThirdPage.h */,
				C2DD172E15C2F501000E62E1 /* ThirdPage.m */,
				C2DD172F15C2F501000E62E1 /* ThirdPage.xib */,
			);
			name = Paginas;
			sourceTree = "<group>";
		};
		C2DD173615C30C8E000E62E1 /* images */ = {
			isa = PBXGroup;
			children = (
				C2DD174915C314CA000E62E1 /* city.jpg */,
				C2DD173715C30CAB000E62E1 /* run-1.jpg */,
				C2DD173815C30CAB000E62E1 /* run-2.jpg */,
				C2DD173915C30CAB000E62E1 /* run-3.jpg */,
				C2DD173A15C30CAB000E62E1 /* run-4.jpg */,
				C2DD173B15C30CAB000E62E1 /* run-5.jpg */,
				C2DD173C15C30CAB000E62E1 /* run-6.jpg */,
			);
			name = images;
			sourceTree = "<group>";
		};
/* End PBXGroup section */

/* Begin PBXNativeTarget section */
		C2DD168F15C2C8EB000E62E1 /* Book */ = {
			isa = PBXNativeTarget;
			buildConfigurationList = C2DD16BD15C2C8EB000E62E1 /* Build configuration list for PBXNativeTarget "Book" */;
			buildPhases = (
				C2DD168C15C2C8EB000E62E1 /* Sources */,
				C2DD168D15C2C8EB000E62E1 /* Frameworks */,
				C2DD168E15C2C8EB000E62E1 /* Resources */,
			);
			buildRules = (
			);
			dependencies = (
			);
			name = Book;
			productName = Book;
			productReference = C2DD169015C2C8EB000E62E1 /* Book.app */;
			productType = "com.apple.product-type.application";
		};
		C2DD16AA15C2C8EB000E62E1 /* BookTests */ = {
			isa = PBXNativeTarget;
			buildConfigurationList = C2DD16C015C2C8EB000E62E1 /* Build configuration list for PBXNativeTarget "BookTests" */;
			buildPhases = (
				C2DD16A615C2C8EB000E62E1 /* Sources */,
				C2DD16A715C2C8EB000E62E1 /* Frameworks */,
				C2DD16A815C2C8EB000E62E1 /* Resources */,
				C2DD16A915C2C8EB000E62E1 /* ShellScript */,
			);
			buildRules = (
			);
			dependencies = (
				C2DD16B115C2C8EB000E62E1 /* PBXTargetDependency */,
			);
			name = BookTests;
			productName = BookTests;
			productReference = C2DD16AB15C2C8EB000E62E1 /* BookTests.octest */;
			productType = "com.apple.product-type.bundle";
		};
/* End PBXNativeTarget section */

/* Begin PBXProject section */
		C2DD168715C2C8EB000E62E1 /* Project object */ = {
			isa = PBXProject;
			attributes = {
				LastUpgradeCheck = 0420;
				ORGANIZATIONNAME = LPJ;
			};
			buildConfigurationList = C2DD168A15C2C8EB000E62E1 /* Build configuration list for PBXProject "Book" */;
			compatibilityVersion = "Xcode 3.2";
			developmentRegion = English;
			hasScannedForEncodings = 0;
			knownRegions = (
				en,
			);
			mainGroup = C2DD168515C2C8EB000E62E1;
			productRefGroup = C2DD169115C2C8EB000E62E1 /* Products */;
			projectDirPath = "";
			projectRoot = "";
			targets = (
				C2DD168F15C2C8EB000E62E1 /* Book */,
				C2DD16AA15C2C8EB000E62E1 /* BookTests */,
			);
		};
/* End PBXProject section */

/* Begin PBXResourcesBuildPhase section */
		C2DD168E15C2C8EB000E62E1 /* Resources */ = {
			isa = PBXResourcesBuildPhase;
			buildActionMask = 2147483647;
			files = (
				C2DD169F15C2C8EB000E62E1 /* InfoPlist.strings in Resources */,
				C2DD16CD15C2C963000E62E1 /* FirstPage.xib in Resources */,
				C2DD172C15C2DBBF000E62E1 /* SecondPage.xib in Resources */,
				C2DD173115C2F502000E62E1 /* ThirdPage.xib in Resources */,
				C2DD173D15C30CAB000E62E1 /* run-1.jpg in Resources */,
				C2DD173E15C30CAB000E62E1 /* run-2.jpg in Resources */,
				C2DD173F15C30CAB000E62E1 /* run-3.jpg in Resources */,
				C2DD174015C30CAB000E62E1 /* run-4.jpg in Resources */,
				C2DD174115C30CAB000E62E1 /* run-5.jpg in Resources */,
				C2DD174215C30CAB000E62E1 /* run-6.jpg in Resources */,
				C2DD174A15C314CA000E62E1 /* city.jpg in Resources */,
			);
			runOnlyForDeploymentPostprocessing = 0;
		};
		C2DD16A815C2C8EB000E62E1 /* Resources */ = {
			isa = PBXResourcesBuildPhase;
			buildActionMask = 2147483647;
			files = (
				C2DD16B715C2C8EB000E62E1 /* InfoPlist.strings in Resources */,
			);
			runOnlyForDeploymentPostprocessing = 0;
		};
/* End PBXResourcesBuildPhase section */

/* Begin PBXShellScriptBuildPhase section */
		C2DD16A915C2C8EB000E62E1 /* ShellScript */ = {
			isa = PBXShellScriptBuildPhase;
			buildActionMask = 2147483647;
			files = (
			);
			inputPaths = (
			);
			outputPaths = (
			);
			runOnlyForDeploymentPostprocessing = 0;
			shellPath = /bin/sh;
			shellScript = "# Run the unit tests in this test bundle.\n\"${SYSTEM_DEVELOPER_DIR}/Tools/RunUnitTests\"\n";
		};
/* End PBXShellScriptBuildPhase section */

/* Begin PBXSourcesBuildPhase section */
		C2DD168C15C2C8EB000E62E1 /* Sources */ = {
			isa = PBXSourcesBuildPhase;
			buildActionMask = 2147483647;
			files = (
				C2DD16A115C2C8EB000E62E1 /* main.m in Sources */,
				C2DD16A515C2C8EB000E62E1 /* BookAppDelegate.m in Sources */,
				C2DD16CC15C2C963000E62E1 /* FirstPage.m in Sources */,
				C2DD172B15C2DBBF000E62E1 /* SecondPage.m in Sources */,
				C2DD173015C2F502000E62E1 /* ThirdPage.m in Sources */,
			);
			runOnlyForDeploymentPostprocessing = 0;
		};
		C2DD16A615C2C8EB000E62E1 /* Sources */ = {
			isa = PBXSourcesBuildPhase;
			buildActionMask = 2147483647;
			files = (
				C2DD16BA15C2C8EB000E62E1 /* BookTests.m in Sources */,
			);
			runOnlyForDeploymentPostprocessing = 0;
		};
/* End PBXSourcesBuildPhase section */

/* Begin PBXTargetDependency section */
		C2DD16B115C2C8EB000E62E1 /* PBXTargetDependency */ = {
			isa = PBXTargetDependency;
			target = C2DD168F15C2C8EB000E62E1 /* Book */;
			targetProxy = C2DD16B015C2C8EB000E62E1 /* PBXContainerItemProxy */;
		};
/* End PBXTargetDependency section */

/* Begin PBXVariantGroup section */
		C2DD169D15C2C8EB000E62E1 /* InfoPlist.strings */ = {
			isa = PBXVariantGroup;
			children = (
				C2DD169E15C2C8EB000E62E1 /* en */,
			);
			name = InfoPlist.strings;
			sourceTree = "<group>";
		};
		C2DD16B515C2C8EB000E62E1 /* InfoPlist.strings */ = {
			isa = PBXVariantGroup;
			children = (
				C2DD16B615C2C8EB000E62E1 /* en */,
			);
			name = InfoPlist.strings;
			sourceTree = "<group>";
		};
/* End PBXVariantGroup section */

/* Begin XCBuildConfiguration section */
		C2DD16BB15C2C8EB000E62E1 /* Debug */ = {
			isa = XCBuildConfiguration;
			buildSettings = {
				ALWAYS_SEARCH_USER_PATHS = NO;
				ARCHS = "$(ARCHS_STANDARD_32_BIT)";
				CLANG_ENABLE_OBJC_ARC = YES;
				"CODE_SIGN_IDENTITY[sdk=iphoneos*]" = "iPhone Developer";
				COPY_PHASE_STRIP = NO;
				GCC_C_LANGUAGE_STANDARD = gnu99;
				GCC_DYNAMIC_NO_PIC = NO;
				GCC_OPTIMIZATION_LEVEL = 0;
				GCC_PREPROCESSOR_DEFINITIONS = (
					"DEBUG=1",
					"$(inherited)",
				);
				GCC_SYMBOLS_PRIVATE_EXTERN = NO;
				GCC_VERSION = com.apple.compilers.llvm.clang.1_0;
				GCC_WARN_ABOUT_MISSING_PROTOTYPES = YES;
				GCC_WARN_ABOUT_RETURN_TYPE = YES;
				GCC_WARN_UNUSED_VARIABLE = YES;
				IPHONEOS_DEPLOYMENT_TARGET = 5.0;
				SDKROOT = iphoneos;
			};
			name = Debug;
		};
		C2DD16BC15C2C8EB000E62E1 /* Release */ = {
			isa = XCBuildConfiguration;
			buildSettings = {
				ALWAYS_SEARCH_USER_PATHS = NO;
				ARCHS = "$(ARCHS_STANDARD_32_BIT)";
				CLANG_ENABLE_OBJC_ARC = YES;
				"CODE_SIGN_IDENTITY[sdk=iphoneos*]" = "iPhone Developer";
				COPY_PHASE_STRIP = YES;
				GCC_C_LANGUAGE_STANDARD = gnu99;
				GCC_VERSION = com.apple.compilers.llvm.clang.1_0;
				GCC_WARN_ABOUT_MISSING_PROTOTYPES = YES;
				GCC_WARN_ABOUT_RETURN_TYPE = YES;
				GCC_WARN_UNUSED_VARIABLE = YES;
				IPHONEOS_DEPLOYMENT_TARGET = 5.0;
				OTHER_CFLAGS = "-DNS_BLOCK_ASSERTIONS=1";
				SDKROOT = iphoneos;
				VALIDATE_PRODUCT = YES;
			};
			name = Release;
		};
		C2DD16BE15C2C8EB000E62E1 /* Debug */ = {
			isa = XCBuildConfiguration;
			buildSettings = {
				GCC_PRECOMPILE_PREFIX_HEADER = YES;
				GCC_PREFIX_HEADER = "Book/Book-Prefix.pch";
				INFOPLIST_FILE = "Book/Book-Info.plist";
				IPHONEOS_DEPLOYMENT_TARGET = 3.0;
				PRODUCT_NAME = "$(TARGET_NAME)";
				WRAPPER_EXTENSION = app;
			};
			name = Debug;
		};
		C2DD16BF15C2C8EB000E62E1 /* Release */ = {
			isa = XCBuildConfiguration;
			buildSettings = {
				GCC_PRECOMPILE_PREFIX_HEADER = YES;
				GCC_PREFIX_HEADER = "Book/Book-Prefix.pch";
				INFOPLIST_FILE = "Book/Book-Info.plist";
				IPHONEOS_DEPLOYMENT_TARGET = 3.0;
				PRODUCT_NAME = "$(TARGET_NAME)";
				WRAPPER_EXTENSION = app;
			};
			name = Release;
		};
		C2DD16C115C2C8EB000E62E1 /* Debug */ = {
			isa = XCBuildConfiguration;
			buildSettings = {
				BUNDLE_LOADER = "$(BUILT_PRODUCTS_DIR)/Book.app/Book";
				FRAMEWORK_SEARCH_PATHS = (
					"$(SDKROOT)/Developer/Library/Frameworks",
					"$(DEVELOPER_LIBRARY_DIR)/Frameworks",
				);
				GCC_PRECOMPILE_PREFIX_HEADER = YES;
				GCC_PREFIX_HEADER = "Book/Book-Prefix.pch";
				INFOPLIST_FILE = "BookTests/BookTests-Info.plist";
				PRODUCT_NAME = "$(TARGET_NAME)";
				TEST_HOST = "$(BUNDLE_LOADER)";
				WRAPPER_EXTENSION = octest;
			};
			name = Debug;
		};
		C2DD16C215C2C8EB000E62E1 /* Release */ = {
			isa = XCBuildConfiguration;
			buildSettings = {
				BUNDLE_LOADER = "$(BUILT_PRODUCTS_DIR)/Book.app/Book";
				FRAMEWORK_SEARCH_PATHS = (
					"$(SDKROOT)/Developer/Library/Frameworks",
					"$(DEVELOPER_LIBRARY_DIR)/Frameworks",
				);
				GCC_PRECOMPILE_PREFIX_HEADER = YES;
				GCC_PREFIX_HEADER = "Book/Book-Prefix.pch";
				INFOPLIST_FILE = "BookTests/BookTests-Info.plist";
				PRODUCT_NAME = "$(TARGET_NAME)";
				TEST_HOST = "$(BUNDLE_LOADER)";
				WRAPPER_EXTENSION = octest;
			};
			name = Release;
		};
/* End XCBuildConfiguration section */

/* Begin XCConfigurationList section */
		C2DD168A15C2C8EB000E62E1 /* Build configuration list for PBXProject "Book" */ = {
			isa = XCConfigurationList;
			buildConfigurations = (
				C2DD16BB15C2C8EB000E62E1 /* Debug */,
				C2DD16BC15C2C8EB000E62E1 /* Release */,
			);
			defaultConfigurationIsVisible = 0;
			defaultConfigurationName = Release;
		};
		C2DD16BD15C2C8EB000E62E1 /* Build configuration list for PBXNativeTarget "Book" */ = {
			isa = XCConfigurationList;
			buildConfigurations = (
				C2DD16BE15C2C8EB000E62E1 /* Debug */,
				C2DD16BF15C2C8EB000E62E1 /* Release */,
			);
			defaultConfigurationIsVisible = 0;
		};
		C2DD16C015C2C8EB000E62E1 /* Build configuration list for PBXNativeTarget "BookTests" */ = {
			isa = XCConfigurationList;
			buildConfigurations = (
				C2DD16C115C2C8EB000E62E1 /* Debug */,
				C2DD16C215C2C8EB000E62E1 /* Release */,
			);
			defaultConfigurationIsVisible = 0;
		};
/* End XCConfigurationList section */
	};
	rootObject = C2DD168715C2C8EB000E62E1 /* Project object */;
}
